// !$*UTF8*$!
{
	archiveVersion = 1;
	classes = {
	};
	objectVersion = 56;
	objects = {

/* Begin PBXBuildFile section */
		4182BA86299109FF0022659A /* AppDelegate.swift in Sources */ = {isa = PBXBuildFile; fileRef = 4182BA85299109FF0022659A /* AppDelegate.swift */; };
		4182BA8A299109FF0022659A /* MainViewController.swift in Sources */ = {isa = PBXBuildFile; fileRef = 4182BA89299109FF0022659A /* MainViewController.swift */; };
		4182BA8F29910A0B0022659A /* Assets.xcassets in Resources */ = {isa = PBXBuildFile; fileRef = 4182BA8E29910A0B0022659A /* Assets.xcassets */; };
		4182BA9229910A0B0022659A /* LaunchScreen.storyboard in Resources */ = {isa = PBXBuildFile; fileRef = 4182BA9029910A0B0022659A /* LaunchScreen.storyboard */; };
		4182BAA42992301E0022659A /* DraggableView.swift in Sources */ = {isa = PBXBuildFile; fileRef = 4182BAA32992301E0022659A /* DraggableView.swift */; };
		4182BAB22993D27C0022659A /* MainView.swift in Sources */ = {isa = PBXBuildFile; fileRef = 4182BAB12993D27C0022659A /* MainView.swift */; };
		4182BAB5299414F30022659A /* ItemCollectionViewCell.swift in Sources */ = {isa = PBXBuildFile; fileRef = 4182BAB4299414F30022659A /* ItemCollectionViewCell.swift */; };
		4182BAB729950A550022659A /* CollectionReusableView.swift in Sources */ = {isa = PBXBuildFile; fileRef = 4182BAB629950A550022659A /* CollectionReusableView.swift */; };
		4182BABA299662290022659A /* ViewModel.swift in Sources */ = {isa = PBXBuildFile; fileRef = 4182BAB9299662290022659A /* ViewModel.swift */; };
		4182BABC2996624A0022659A /* DataModel.swift in Sources */ = {isa = PBXBuildFile; fileRef = 4182BABB2996624A0022659A /* DataModel.swift */; };
		4182BABE299664F90022659A /* CellViewModel.swift in Sources */ = {isa = PBXBuildFile; fileRef = 4182BABD299664F90022659A /* CellViewModel.swift */; };
		4182BAC0299665100022659A /* HeaderViewModel.swift in Sources */ = {isa = PBXBuildFile; fileRef = 4182BABF299665100022659A /* HeaderViewModel.swift */; };
/* End PBXBuildFile section */

/* Begin PBXFileReference section */
		4182BA82299109FF0022659A /* surf_mmmarinasel.app */ = {isa = PBXFileReference; explicitFileType = wrapper.application; includeInIndex = 0; path = surf_mmmarinasel.app; sourceTree = BUILT_PRODUCTS_DIR; };
		4182BA85299109FF0022659A /* AppDelegate.swift */ = {isa = PBXFileReference; lastKnownFileType = sourcecode.swift; path = AppDelegate.swift; sourceTree = "<group>"; };
		4182BA89299109FF0022659A /* MainViewController.swift */ = {isa = PBXFileReference; lastKnownFileType = sourcecode.swift; path = MainViewController.swift; sourceTree = "<group>"; };
		4182BA8E29910A0B0022659A /* Assets.xcassets */ = {isa = PBXFileReference; lastKnownFileType = folder.assetcatalog; path = Assets.xcassets; sourceTree = "<group>"; };
		4182BA9129910A0B0022659A /* Base */ = {isa = PBXFileReference; lastKnownFileType = file.storyboard; name = Base; path = Base.lproj/LaunchScreen.storyboard; sourceTree = "<group>"; };
		4182BA9329910A0B0022659A /* Info.plist */ = {isa = PBXFileReference; lastKnownFileType = text.plist.xml; path = Info.plist; sourceTree = "<group>"; };
		4182BAA32992301E0022659A /* DraggableView.swift */ = {isa = PBXFileReference; lastKnownFileType = sourcecode.swift; path = DraggableView.swift; sourceTree = "<group>"; };
		4182BAB12993D27C0022659A /* MainView.swift */ = {isa = PBXFileReference; lastKnownFileType = sourcecode.swift; path = MainView.swift; sourceTree = "<group>"; };
		4182BAB4299414F30022659A /* ItemCollectionViewCell.swift */ = {isa = PBXFileReference; lastKnownFileType = sourcecode.swift; path = ItemCollectionViewCell.swift; sourceTree = "<group>"; };
		4182BAB629950A550022659A /* CollectionReusableView.swift */ = {isa = PBXFileReference; lastKnownFileType = sourcecode.swift; path = CollectionReusableView.swift; sourceTree = "<group>"; };
		4182BAB9299662290022659A /* ViewModel.swift */ = {isa = PBXFileReference; lastKnownFileType = sourcecode.swift; path = ViewModel.swift; sourceTree = "<group>"; };
		4182BABB2996624A0022659A /* DataModel.swift */ = {isa = PBXFileReference; lastKnownFileType = sourcecode.swift; path = DataModel.swift; sourceTree = "<group>"; };
		4182BABD299664F90022659A /* CellViewModel.swift */ = {isa = PBXFileReference; lastKnownFileType = sourcecode.swift; path = CellViewModel.swift; sourceTree = "<group>"; };
		4182BABF299665100022659A /* HeaderViewModel.swift */ = {isa = PBXFileReference; lastKnownFileType = sourcecode.swift; path = HeaderViewModel.swift; sourceTree = "<group>"; };
/* End PBXFileReference section */

/* Begin PBXFrameworksBuildPhase section */
		4182BA7F299109FF0022659A /* Frameworks */ = {
			isa = PBXFrameworksBuildPhase;
			buildActionMask = 2147483647;
			files = (
			);
			runOnlyForDeploymentPostprocessing = 0;
		};
/* End PBXFrameworksBuildPhase section */

/* Begin PBXGroup section */
		4182BA79299109FE0022659A = {
			isa = PBXGroup;
			children = (
				4182BA84299109FF0022659A /* surf_mmmarinasel */,
				4182BA83299109FF0022659A /* Products */,
			);
			sourceTree = "<group>";
		};
		4182BA83299109FF0022659A /* Products */ = {
			isa = PBXGroup;
			children = (
				4182BA82299109FF0022659A /* surf_mmmarinasel.app */,
			);
			name = Products;
			sourceTree = "<group>";
		};
		4182BA84299109FF0022659A /* surf_mmmarinasel */ = {
			isa = PBXGroup;
			children = (
				4182BA9B29911E1E0022659A /* Helper */,
				4182BA9929911E110022659A /* Screens */,
				4182BA85299109FF0022659A /* AppDelegate.swift */,
				4182BA8E29910A0B0022659A /* Assets.xcassets */,
				4182BA9029910A0B0022659A /* LaunchScreen.storyboard */,
				4182BA9329910A0B0022659A /* Info.plist */,
			);
			path = surf_mmmarinasel;
			sourceTree = "<group>";
		};
		4182BA9929911E110022659A /* Screens */ = {
			isa = PBXGroup;
			children = (
				4182BA9E29911E390022659A /* Model */,
				4182BA9D29911E340022659A /* View */,
				4182BA9C29911E2E0022659A /* ViewModel */,
			);
			path = Screens;
			sourceTree = "<group>";
		};
		4182BA9B29911E1E0022659A /* Helper */ = {
			isa = PBXGroup;
			children = (
				4182BAA32992301E0022659A /* DraggableView.swift */,
			);
			path = Helper;
			sourceTree = "<group>";
		};
		4182BA9C29911E2E0022659A /* ViewModel */ = {
			isa = PBXGroup;
			children = (
				4182BAB9299662290022659A /* ViewModel.swift */,
				4182BABD299664F90022659A /* CellViewModel.swift */,
				4182BABF299665100022659A /* HeaderViewModel.swift */,
			);
			path = ViewModel;
			sourceTree = "<group>";
		};
		4182BA9D29911E340022659A /* View */ = {
			isa = PBXGroup;
			children = (
				4182BAB8299644450022659A /* Header */,
				4182BAB3299414C80022659A /* Cell */,
				4182BA89299109FF0022659A /* MainViewController.swift */,
				4182BAB12993D27C0022659A /* MainView.swift */,
			);
			path = View;
			sourceTree = "<group>";
		};
		4182BA9E29911E390022659A /* Model */ = {
			isa = PBXGroup;
			children = (
				4182BABB2996624A0022659A /* DataModel.swift */,
			);
			path = Model;
			sourceTree = "<group>";
		};
		4182BAB3299414C80022659A /* Cell */ = {
			isa = PBXGroup;
			children = (
				4182BAB4299414F30022659A /* ItemCollectionViewCell.swift */,
			);
			path = Cell;
			sourceTree = "<group>";
		};
		4182BAB8299644450022659A /* Header */ = {
			isa = PBXGroup;
			children = (
				4182BAB629950A550022659A /* CollectionReusableView.swift */,
			);
			path = Header;
			sourceTree = "<group>";
		};
/* End PBXGroup section */

/* Begin PBXNativeTarget section */
		4182BA81299109FF0022659A /* surf_mmmarinasel */ = {
			isa = PBXNativeTarget;
			buildConfigurationList = 4182BA9629910A0B0022659A /* Build configuration list for PBXNativeTarget "surf_mmmarinasel" */;
			buildPhases = (
				4182BA7E299109FF0022659A /* Sources */,
				4182BA7F299109FF0022659A /* Frameworks */,
				4182BA80299109FF0022659A /* Resources */,
			);
			buildRules = (
			);
			dependencies = (
			);
			name = surf_mmmarinasel;
			productName = surf_mmmarinasel;
			productReference = 4182BA82299109FF0022659A /* surf_mmmarinasel.app */;
			productType = "com.apple.product-type.application";
		};
/* End PBXNativeTarget section */

/* Begin PBXProject section */
		4182BA7A299109FE0022659A /* Project object */ = {
			isa = PBXProject;
			attributes = {
				BuildIndependentTargetsInParallel = 1;
				LastSwiftUpdateCheck = 1420;
				LastUpgradeCheck = 1420;
				TargetAttributes = {
					4182BA81299109FF0022659A = {
						CreatedOnToolsVersion = 14.2;
					};
				};
			};
			buildConfigurationList = 4182BA7D299109FE0022659A /* Build configuration list for PBXProject "surf_mmmarinasel" */;
			compatibilityVersion = "Xcode 14.0";
			developmentRegion = en;
			hasScannedForEncodings = 0;
			knownRegions = (
				en,
				Base,
			);
			mainGroup = 4182BA79299109FE0022659A;
			productRefGroup = 4182BA83299109FF0022659A /* Products */;
			projectDirPath = "";
			projectRoot = "";
			targets = (
				4182BA81299109FF0022659A /* surf_mmmarinasel */,
			);
		};
/* End PBXProject section */

/* Begin PBXResourcesBuildPhase section */
		4182BA80299109FF0022659A /* Resources */ = {
			isa = PBXResourcesBuildPhase;
			buildActionMask = 2147483647;
			files = (
				4182BA9229910A0B0022659A /* LaunchScreen.storyboard in Resources */,
				4182BA8F29910A0B0022659A /* Assets.xcassets in Resources */,
			);
			runOnlyForDeploymentPostprocessing = 0;
		};
/* End PBXResourcesBuildPhase section */

/* Begin PBXSourcesBuildPhase section */
		4182BA7E299109FF0022659A /* Sources */ = {
			isa = PBXSourcesBuildPhase;
			buildActionMask = 2147483647;
			files = (
				4182BAB729950A550022659A /* CollectionReusableView.swift in Sources */,
				4182BAC0299665100022659A /* HeaderViewModel.swift in Sources */,
				4182BAB22993D27C0022659A /* MainView.swift in Sources */,
				4182BA8A299109FF0022659A /* MainViewController.swift in Sources */,
				4182BAA42992301E0022659A /* DraggableView.swift in Sources */,
				4182BABE299664F90022659A /* CellViewModel.swift in Sources */,
				4182BA86299109FF0022659A /* AppDelegate.swift in Sources */,
				4182BABC2996624A0022659A /* DataModel.swift in Sources */,
				4182BAB5299414F30022659A /* ItemCollectionViewCell.swift in Sources */,
				4182BABA299662290022659A /* ViewModel.swift in Sources */,
			);
			runOnlyForDeploymentPostprocessing = 0;
		};
/* End PBXSourcesBuildPhase section */

/* Begin PBXVariantGroup section */
		4182BA9029910A0B0022659A /* LaunchScreen.storyboard */ = {
			isa = PBXVariantGroup;
			children = (
				4182BA9129910A0B0022659A /* Base */,
			);
			name = LaunchScreen.storyboard;
			sourceTree = "<group>";
		};
/* End PBXVariantGroup section */

/* Begin XCBuildConfiguration section */
		4182BA9429910A0B0022659A /* Debug */ = {
			isa = XCBuildConfiguration;
			buildSettings = {
				ALWAYS_SEARCH_USER_PATHS = NO;
				CLANG_ANALYZER_NONNULL = YES;
				CLANG_ANALYZER_NUMBER_OBJECT_CONVERSION = YES_AGGRESSIVE;
				CLANG_CXX_LANGUAGE_STANDARD = "gnu++20";
				CLANG_ENABLE_MODULES = YES;
				CLANG_ENABLE_OBJC_ARC = YES;
				CLANG_ENABLE_OBJC_WEAK = YES;
				CLANG_WARN_BLOCK_CAPTURE_AUTORELEASING = YES;
				CLANG_WARN_BOOL_CONVERSION = YES;
				CLANG_WARN_COMMA = YES;
				CLANG_WARN_CONSTANT_CONVERSION = YES;
				CLANG_WARN_DEPRECATED_OBJC_IMPLEMENTATIONS = YES;
				CLANG_WARN_DIRECT_OBJC_ISA_USAGE = YES_ERROR;
				CLANG_WARN_DOCUMENTATION_COMMENTS = YES;
				CLANG_WARN_EMPTY_BODY = YES;
				CLANG_WARN_ENUM_CONVERSION = YES;
				CLANG_WARN_INFINITE_RECURSION = YES;
				CLANG_WARN_INT_CONVERSION = YES;
				CLANG_WARN_NON_LITERAL_NULL_CONVERSION = YES;
				CLANG_WARN_OBJC_IMPLICIT_RETAIN_SELF = YES;
				CLANG_WARN_OBJC_LITERAL_CONVERSION = YES;
				CLANG_WARN_OBJC_ROOT_CLASS = YES_ERROR;
				CLANG_WARN_QUOTED_INCLUDE_IN_FRAMEWORK_HEADER = YES;
				CLANG_WARN_RANGE_LOOP_ANALYSIS = YES;
				CLANG_WARN_STRICT_PROTOTYPES = YES;
				CLANG_WARN_SUSPICIOUS_MOVE = YES;
				CLANG_WARN_UNGUARDED_AVAILABILITY = YES_AGGRESSIVE;
				CLANG_WARN_UNREACHABLE_CODE = YES;
				CLANG_WARN__DUPLICATE_METHOD_MATCH = YES;
				COPY_PHASE_STRIP = NO;
				DEBUG_INFORMATION_FORMAT = dwarf;
				ENABLE_STRICT_OBJC_MSGSEND = YES;
				ENABLE_TESTABILITY = YES;
				GCC_C_LANGUAGE_STANDARD = gnu11;
				GCC_DYNAMIC_NO_PIC = NO;
				GCC_NO_COMMON_BLOCKS = YES;
				GCC_OPTIMIZATION_LEVEL = 0;
				GCC_PREPROCESSOR_DEFINITIONS = (
					"DEBUG=1",
					"$(inherited)",
				);
				GCC_WARN_64_TO_32_BIT_CONVERSION = YES;
				GCC_WARN_ABOUT_RETURN_TYPE = YES_ERROR;
				GCC_WARN_UNDECLARED_SELECTOR = YES;
				GCC_WARN_UNINITIALIZED_AUTOS = YES_AGGRESSIVE;
				GCC_WARN_UNUSED_FUNCTION = YES;
				GCC_WARN_UNUSED_VARIABLE = YES;
				IPHONEOS_DEPLOYMENT_TARGET = 16.2;
				MTL_ENABLE_DEBUG_INFO = INCLUDE_SOURCE;
				MTL_FAST_MATH = YES;
				ONLY_ACTIVE_ARCH = YES;
				SDKROOT = iphoneos;
				SWIFT_ACTIVE_COMPILATION_CONDITIONS = DEBUG;
				SWIFT_OPTIMIZATION_LEVEL = "-Onone";
			};
			name = Debug;
		};
		4182BA9529910A0B0022659A /* Release */ = {
			isa = XCBuildConfiguration;
			buildSettings = {
				ALWAYS_SEARCH_USER_PATHS = NO;
				CLANG_ANALYZER_NONNULL = YES;
				CLANG_ANALYZER_NUMBER_OBJECT_CONVERSION = YES_AGGRESSIVE;
				CLANG_CXX_LANGUAGE_STANDARD = "gnu++20";
				CLANG_ENABLE_MODULES = YES;
				CLANG_ENABLE_OBJC_ARC = YES;
				CLANG_ENABLE_OBJC_WEAK = YES;
				CLANG_WARN_BLOCK_CAPTURE_AUTORELEASING = YES;
				CLANG_WARN_BOOL_CONVERSION = YES;
				CLANG_WARN_COMMA = YES;
				CLANG_WARN_CONSTANT_CONVERSION = YES;
				CLANG_WARN_DEPRECATED_OBJC_IMPLEMENTATIONS = YES;
				CLANG_WARN_DIRECT_OBJC_ISA_USAGE = YES_ERROR;
				CLANG_WARN_DOCUMENTATION_COMMENTS = YES;
				CLANG_WARN_EMPTY_BODY = YES;
				CLANG_WARN_ENUM_CONVERSION = YES;
				CLANG_WARN_INFINITE_RECURSION = YES;
				CLANG_WARN_INT_CONVERSION = YES;
				CLANG_WARN_NON_LITERAL_NULL_CONVERSION = YES;
				CLANG_WARN_OBJC_IMPLICIT_RETAIN_SELF = YES;
				CLANG_WARN_OBJC_LITERAL_CONVERSION = YES;
				CLANG_WARN_OBJC_ROOT_CLASS = YES_ERROR;
				CLANG_WARN_QUOTED_INCLUDE_IN_FRAMEWORK_HEADER = YES;
				CLANG_WARN_RANGE_LOOP_ANALYSIS = YES;
				CLANG_WARN_STRICT_PROTOTYPES = YES;
				CLANG_WARN_SUSPICIOUS_MOVE = YES;
				CLANG_WARN_UNGUARDED_AVAILABILITY = YES_AGGRESSIVE;
				CLANG_WARN_UNREACHABLE_CODE = YES;
				CLANG_WARN__DUPLICATE_METHOD_MATCH = YES;
				COPY_PHASE_STRIP = NO;
				DEBUG_INFORMATION_FORMAT = "dwarf-with-dsym";
				ENABLE_NS_ASSERTIONS = NO;
				ENABLE_STRICT_OBJC_MSGSEND = YES;
				GCC_C_LANGUAGE_STANDARD = gnu11;
				GCC_NO_COMMON_BLOCKS = YES;
				GCC_WARN_64_TO_32_BIT_CONVERSION = YES;
				GCC_WARN_ABOUT_RETURN_TYPE = YES_ERROR;
				GCC_WARN_UNDECLARED_SELECTOR = YES;
				GCC_WARN_UNINITIALIZED_AUTOS = YES_AGGRESSIVE;
				GCC_WARN_UNUSED_FUNCTION = YES;
				GCC_WARN_UNUSED_VARIABLE = YES;
				IPHONEOS_DEPLOYMENT_TARGET = 16.2;
				MTL_ENABLE_DEBUG_INFO = NO;
				MTL_FAST_MATH = YES;
				SDKROOT = iphoneos;
				SWIFT_COMPILATION_MODE = wholemodule;
				SWIFT_OPTIMIZATION_LEVEL = "-O";
				VALIDATE_PRODUCT = YES;
			};
			name = Release;
		};
		4182BA9729910A0B0022659A /* Debug */ = {
			isa = XCBuildConfiguration;
			buildSettings = {
				ASSETCATALOG_COMPILER_APPICON_NAME = AppIcon;
				ASSETCATALOG_COMPILER_GLOBAL_ACCENT_COLOR_NAME = AccentColor;
				CODE_SIGN_STYLE = Automatic;
				CURRENT_PROJECT_VERSION = 1;
				DEVELOPMENT_TEAM = 4S4JPYLG6Z;
				GENERATE_INFOPLIST_FILE = YES;
				INFOPLIST_FILE = surf_mmmarinasel/Info.plist;
				INFOPLIST_KEY_UIApplicationSupportsIndirectInputEvents = YES;
				INFOPLIST_KEY_UILaunchStoryboardName = LaunchScreen;
				INFOPLIST_KEY_UISupportedInterfaceOrientations = UIInterfaceOrientationPortrait;
				INFOPLIST_KEY_UISupportedInterfaceOrientations_iPad = "UIInterfaceOrientationLandscapeLeft UIInterfaceOrientationLandscapeRight UIInterfaceOrientationPortrait UIInterfaceOrientationPortraitUpsideDown";
				LD_RUNPATH_SEARCH_PATHS = (
					"$(inherited)",
					"@executable_path/Frameworks",
				);
				MARKETING_VERSION = 1.0;
				PRODUCT_BUNDLE_IDENTIFIER = "mmmarinasel.surf-mmmarinasel";
				PRODUCT_NAME = "$(TARGET_NAME)";
				SUPPORTED_PLATFORMS = "iphoneos iphonesimulator";
				SUPPORTS_MACCATALYST = NO;
				SUPPORTS_MAC_DESIGNED_FOR_IPHONE_IPAD = NO;
				SWIFT_EMIT_LOC_STRINGS = YES;
				SWIFT_VERSION = 5.0;
				TARGETED_DEVICE_FAMILY = 1;
			};
			name = Debug;
		};
		4182BA9829910A0B0022659A /* Release */ = {
			isa = XCBuildConfiguration;
			buildSettings = {
				ASSETCATALOG_COMPILER_APPICON_NAME = AppIcon;
				ASSETCATALOG_COMPILER_GLOBAL_ACCENT_COLOR_NAME = AccentColor;
				CODE_SIGN_STYLE = Automatic;
				CURRENT_PROJECT_VERSION = 1;
				DEVELOPMENT_TEAM = 4S4JPYLG6Z;
				GENERATE_INFOPLIST_FILE = YES;
				INFOPLIST_FILE = surf_mmmarinasel/Info.plist;
				INFOPLIST_KEY_UIApplicationSupportsIndirectInputEvents = YES;
				INFOPLIST_KEY_UILaunchStoryboardName = LaunchScreen;
				INFOPLIST_KEY_UISupportedInterfaceOrientations = UIInterfaceOrientationPortrait;
				INFOPLIST_KEY_UISupportedInterfaceOrientations_iPad = "UIInterfaceOrientationLandscapeLeft UIInterfaceOrientationLandscapeRight UIInterfaceOrientationPortrait UIInterfaceOrientationPortraitUpsideDown";
				LD_RUNPATH_SEARCH_PATHS = (
					"$(inherited)",
					"@executable_path/Frameworks",
				);
				MARKETING_VERSION = 1.0;
				PRODUCT_BUNDLE_IDENTIFIER = "mmmarinasel.surf-mmmarinasel";
				PRODUCT_NAME = "$(TARGET_NAME)";
				SUPPORTED_PLATFORMS = "iphoneos iphonesimulator";
				SUPPORTS_MACCATALYST = NO;
				SUPPORTS_MAC_DESIGNED_FOR_IPHONE_IPAD = NO;
				SWIFT_EMIT_LOC_STRINGS = YES;
				SWIFT_VERSION = 5.0;
				TARGETED_DEVICE_FAMILY = 1;
			};
			name = Release;
		};
/* End XCBuildConfiguration section */

/* Begin XCConfigurationList section */
		4182BA7D299109FE0022659A /* Build configuration list for PBXProject "surf_mmmarinasel" */ = {
			isa = XCConfigurationList;
			buildConfigurations = (
				4182BA9429910A0B0022659A /* Debug */,
				4182BA9529910A0B0022659A /* Release */,
			);
			defaultConfigurationIsVisible = 0;
			defaultConfigurationName = Release;
		};
		4182BA9629910A0B0022659A /* Build configuration list for PBXNativeTarget "surf_mmmarinasel" */ = {
			isa = XCConfigurationList;
			buildConfigurations = (
				4182BA9729910A0B0022659A /* Debug */,
				4182BA9829910A0B0022659A /* Release */,
			);
			defaultConfigurationIsVisible = 0;
			defaultConfigurationName = Release;
		};
/* End XCConfigurationList section */
	};
	rootObject = 4182BA7A299109FE0022659A /* Project object */;
}
